
Microsoft Visual Studio Solution File, Format Version 12.00
# Visual Studio 15
VisualStudioVersion = 15.0.28307.421
MinimumVisualStudioVersion = 10.0.40219.1
Project("{9A19103F-16F7-4668-BE54-9A1E7A4F7556}") = "NeoExplorer.Web", "NeoExplorer.Web\NeoExplorer.Web.csproj", "{253D1A05-ECFB-42AD-AB2A-D532A3A0A791}"
EndProject
Project("{9092AA53-FB77-4645-B42D-1CCCA6BD08BD}") = "NeoExplorer.UnitTests.JS", "NeoExplorer.UnitTests.JS\NeoExplorer.UnitTests.JS.njsproj", "{0CDC2AB1-14FE-4438-BA17-FC2CA4269555}"
EndProject
Global
	GlobalSection(SolutionConfigurationPlatforms) = preSolution
		Debug|Any CPU = Debug|Any CPU
		Release|Any CPU = Release|Any CPU
	EndGlobalSection
	GlobalSection(ProjectConfigurationPlatforms) = postSolution
		{253D1A05-ECFB-42AD-AB2A-D532A3A0A791}.Debug|Any CPU.ActiveCfg = Debug|Any CPU
		{253D1A05-ECFB-42AD-AB2A-D532A3A0A791}.Debug|Any CPU.Build.0 = Debug|Any CPU
		{253D1A05-ECFB-42AD-AB2A-D532A3A0A791}.Release|Any CPU.ActiveCfg = Release|Any CPU
		{253D1A05-ECFB-42AD-AB2A-D532A3A0A791}.Release|Any CPU.Build.0 = Release|Any CPU
		{0CDC2AB1-14FE-4438-BA17-FC2CA4269555}.Debug|Any CPU.ActiveCfg = Debug|Any CPU
		{0CDC2AB1-14FE-4438-BA17-FC2CA4269555}.Debug|Any CPU.Build.0 = Debug|Any CPU
		{0CDC2AB1-14FE-4438-BA17-FC2CA4269555}.Release|Any CPU.ActiveCfg = Release|Any CPU
		{0CDC2AB1-14FE-4438-BA17-FC2CA4269555}.Release|Any CPU.Build.0 = Release|Any CPU
	EndGlobalSection
	GlobalSection(SolutionProperties) = preSolution
		HideSolutionNode = FALSE
	EndGlobalSection
	GlobalSection(ExtensibilityGlobals) = postSolution
		SolutionGuid = {2748265E-68C8-4363-8606-3F4F863FE942}
	EndGlobalSection
EndGlobal
